
Microsoft Visual Studio Solution File, Format Version 12.00
# Visual Studio 14
VisualStudioVersion = 14.0.25420.1
MinimumVisualStudioVersion = 10.0.40219.1
Project("{8BB2217D-0F2D-49D1-97BC-3654ED321F3B}") = "RemoteExecution", "RemoteExecution\RemoteExecution.xproj", "{FA090568-11AF-45B9-AFA8-40536677E8FC}"
EndProject
Project("{8BB2217D-0F2D-49D1-97BC-3654ED321F3B}") = "TestClient", "Tests\TestClient\TestClient.xproj", "{6875513A-73E8-4CCE-8648-82494A33EFB2}"
EndProject
Project("{8BB2217D-0F2D-49D1-97BC-3654ED321F3B}") = "TestComponent", "Tests\TestComponent\TestComponent.xproj", "{C81624AB-5A17-4385-8DC8-F3817E6E6552}"
EndProject
Project("{8BB2217D-0F2D-49D1-97BC-3654ED321F3B}") = "TestServer", "Tests\TestServer\TestServer.xproj", "{29192211-AE15-4B68-B79C-DA6C2EF998D5}"
EndProject
Project("{2150E333-8FDC-42A3-9474-1A3956D46DE8}") = "Tests", "Tests", "{C5B7FAEF-B884-4EE5-A52C-39FA0B530920}"
EndProject
Global
	GlobalSection(SolutionConfigurationPlatforms) = preSolution
		Debug|Any CPU = Debug|Any CPU
		Release|Any CPU = Release|Any CPU
	EndGlobalSection
	GlobalSection(ProjectConfigurationPlatforms) = postSolution
		{FA090568-11AF-45B9-AFA8-40536677E8FC}.Debug|Any CPU.ActiveCfg = Debug|Any CPU
		{FA090568-11AF-45B9-AFA8-40536677E8FC}.Debug|Any CPU.Build.0 = Debug|Any CPU
		{FA090568-11AF-45B9-AFA8-40536677E8FC}.Release|Any CPU.ActiveCfg = Release|Any CPU
		{FA090568-11AF-45B9-AFA8-40536677E8FC}.Release|Any CPU.Build.0 = Release|Any CPU
		{6875513A-73E8-4CCE-8648-82494A33EFB2}.Debug|Any CPU.ActiveCfg = Debug|Any CPU
		{6875513A-73E8-4CCE-8648-82494A33EFB2}.Debug|Any CPU.Build.0 = Debug|Any CPU
		{6875513A-73E8-4CCE-8648-82494A33EFB2}.Release|Any CPU.ActiveCfg = Release|Any CPU
		{6875513A-73E8-4CCE-8648-82494A33EFB2}.Release|Any CPU.Build.0 = Release|Any CPU
		{C81624AB-5A17-4385-8DC8-F3817E6E6552}.Debug|Any CPU.ActiveCfg = Debug|Any CPU
		{C81624AB-5A17-4385-8DC8-F3817E6E6552}.Debug|Any CPU.Build.0 = Debug|Any CPU
		{C81624AB-5A17-4385-8DC8-F3817E6E6552}.Release|Any CPU.ActiveCfg = Release|Any CPU
		{C81624AB-5A17-4385-8DC8-F3817E6E6552}.Release|Any CPU.Build.0 = Release|Any CPU
		{29192211-AE15-4B68-B79C-DA6C2EF998D5}.Debug|Any CPU.ActiveCfg = Debug|Any CPU
		{29192211-AE15-4B68-B79C-DA6C2EF998D5}.Debug|Any CPU.Build.0 = Debug|Any CPU
		{29192211-AE15-4B68-B79C-DA6C2EF998D5}.Release|Any CPU.ActiveCfg = Release|Any CPU
		{29192211-AE15-4B68-B79C-DA6C2EF998D5}.Release|Any CPU.Build.0 = Release|Any CPU
	EndGlobalSection
	GlobalSection(SolutionProperties) = preSolution
		HideSolutionNode = FALSE
	EndGlobalSection
	GlobalSection(NestedProjects) = preSolution
		{6875513A-73E8-4CCE-8648-82494A33EFB2} = {C5B7FAEF-B884-4EE5-A52C-39FA0B530920}
		{C81624AB-5A17-4385-8DC8-F3817E6E6552} = {C5B7FAEF-B884-4EE5-A52C-39FA0B530920}
		{29192211-AE15-4B68-B79C-DA6C2EF998D5} = {C5B7FAEF-B884-4EE5-A52C-39FA0B530920}
	EndGlobalSection
EndGlobal
